
Microsoft Visual Studio Solution File, Format Version 12.00
# Visual Studio Version 17
VisualStudioVersion = 17.0.32112.339
MinimumVisualStudioVersion = 10.0.40219.1
Project("{9A19103F-16F7-4668-BE54-9A1E7A4F7556}") = "TiktokWidget", "TiktokWidget\TiktokWidget.csproj", "{9EAA8D9B-2EA8-4783-964E-36D65C9B0029}"
EndProject
Project("{9A19103F-16F7-4668-BE54-9A1E7A4F7556}") = "TiktokWidget.Service", "TiktokWidget.Service\TiktokWidget.Service.csproj", "{90244660-BD23-424F-86B8-8CAA091A8041}"
EndProject
Project("{9A19103F-16F7-4668-BE54-9A1E7A4F7556}") = "TiktokWidget.Common", "TiktokWidget.Common\TiktokWidget.Common.csproj", "{86CCF092-B06D-4109-8EB8-964DBDB38E38}"
EndProject
Global
	GlobalSection(SolutionConfigurationPlatforms) = preSolution
		Debug|Any CPU = Debug|Any CPU
		Release|Any CPU = Release|Any CPU
	EndGlobalSection
	GlobalSection(ProjectConfigurationPlatforms) = postSolution
		{9EAA8D9B-2EA8-4783-964E-36D65C9B0029}.Debug|Any CPU.ActiveCfg = Debug|Any CPU
		{9EAA8D9B-2EA8-4783-964E-36D65C9B0029}.Debug|Any CPU.Build.0 = Debug|Any CPU
		{9EAA8D9B-2EA8-4783-964E-36D65C9B0029}.Release|Any CPU.ActiveCfg = Release|Any CPU
		{9EAA8D9B-2EA8-4783-964E-36D65C9B0029}.Release|Any CPU.Build.0 = Release|Any CPU
		{90244660-BD23-424F-86B8-8CAA091A8041}.Debug|Any CPU.ActiveCfg = Debug|Any CPU
		{90244660-BD23-424F-86B8-8CAA091A8041}.Debug|Any CPU.Build.0 = Debug|Any CPU
		{90244660-BD23-424F-86B8-8CAA091A8041}.Release|Any CPU.ActiveCfg = Release|Any CPU
		{90244660-BD23-424F-86B8-8CAA091A8041}.Release|Any CPU.Build.0 = Release|Any CPU
		{86CCF092-B06D-4109-8EB8-964DBDB38E38}.Debug|Any CPU.ActiveCfg = Debug|Any CPU
		{86CCF092-B06D-4109-8EB8-964DBDB38E38}.Debug|Any CPU.Build.0 = Debug|Any CPU
		{86CCF092-B06D-4109-8EB8-964DBDB38E38}.Release|Any CPU.ActiveCfg = Release|Any CPU
		{86CCF092-B06D-4109-8EB8-964DBDB38E38}.Release|Any CPU.Build.0 = Release|Any CPU
	EndGlobalSection
	GlobalSection(SolutionProperties) = preSolution
		HideSolutionNode = FALSE
	EndGlobalSection
	GlobalSection(ExtensibilityGlobals) = postSolution
		SolutionGuid = {5D9508F0-8400-409F-A1EF-0AAF0EFB0C51}
	EndGlobalSection
EndGlobal
